PODS:
  - AFNetworking (2.5.0):
    - AFNetworking/NSURLConnection (= 2.5.0)
    - AFNetworking/NSURLSession (= 2.5.0)
    - AFNetworking/Reachability (= 2.5.0)
    - AFNetworking/Security (= 2.5.0)
    - AFNetworking/Serialization (= 2.5.0)
    - AFNetworking/UIKit (= 2.5.0)
  - AFNetworking/NSURLConnection (2.5.0):
    - AFNetworking/Reachability
    - AFNetworking/Security
    - AFNetworking/Serialization
  - AFNetworking/NSURLSession (2.5.0):
    - AFNetworking/Reachability
    - AFNetworking/Security
    - AFNetworking/Serialization
  - AFNetworking/Reachability (2.5.0)
  - AFNetworking/Security (2.5.0)
  - AFNetworking/Serialization (2.5.0)
  - AFNetworking/UIKit (2.5.0):
    - AFNetworking/NSURLConnection
    - AFNetworking/NSURLSession
  - AFOAuth2Manager (2.0.0):
    - AFNetworking (~> 2.2)
  - AWSiOSSDK/Runtime (1.7.1)
  - AWSiOSSDK/S3 (1.7.1):
    - AWSiOSSDK/Runtime
  - BButton (4.0.2)
  - CocoaLumberjack (1.9.2):
    - CocoaLumberjack/Extensions (= 1.9.2)
  - CocoaLumberjack/Core (1.9.2)
  - CocoaLumberjack/Extensions (1.9.2):
    - CocoaLumberjack/Core
  - FFmpeg (2.2):
    - FFmpeg/precompiled (= 2.2)
  - FFmpeg/precompiled (2.2)
  - FFmpegWrapper (1.0):
    - FFmpeg (~> 2.2)
  - FormatterKit/TimeIntervalFormatter (1.7.5)
  - Kickflip (1.2):
    - AFNetworking (~> 2.2)
    - AFOAuth2Manager (~> 2.0)
    - AWSiOSSDK/S3 (~> 1.7)
    - CocoaLumberjack (~> 1.0)
    - FFmpegWrapper (~> 1.0)
    - FormatterKit/TimeIntervalFormatter (~> 1.4)
    - Mantle (~> 1.4)
    - PureLayout (~> 2.0)
    - SDWebImage (~> 3.6)
    - SSKeychain (~> 1.2)
  - Mantle (1.5.1):
    - Mantle/extobjc (= 1.5.1)
  - Mantle/extobjc (1.5.1)
  - PureLayout (2.0.4)
  - SDWebImage (3.7.1):
    - SDWebImage/Core (= 3.7.1)
  - SDWebImage/Core (3.7.1)
  - SSKeychain (1.2.2)
  - SSPullToRefresh (1.2.2)
  - UIAlertView-Blocks (1.0)
  - VTAcknowledgementsViewController (0.12)
  - YapDatabase (2.5.4):
    - YapDatabase/standard (= 2.5.4)
  - YapDatabase/common (2.5.4):
    - CocoaLumberjack (~> 1)
  - YapDatabase/standard (2.5.4):
    - YapDatabase/common

DEPENDENCIES:
  - BButton (~> 4.0)
  - Kickflip (~> 1.2)
  - SSPullToRefresh (~> 1.2)
  - UIAlertView-Blocks (~> 1.0)
  - VTAcknowledgementsViewController (~> 0.10)
  - YapDatabase (~> 2.5)

SPEC CHECKSUMS:
  AFNetworking: 0f54cb5d16ce38c1b76948faffb8d5fb705021c7
  AFOAuth2Manager: a7726957cbc14c229b5d5d648c934453b6bb55b0
  AWSiOSSDK: a8b11ab4437620b3f5e33e7c090ec393cfd33301
  BButton: eab327e143be2730c81a22467cc016488a125162
  CocoaLumberjack: 205769c032b5fef85b92472046bcc8b7e7c8a817
  FFmpeg: 7e37c1efa4206e68c225ec0d73b8e3373d537c2a
  FFmpegWrapper: 9564268abcc9660ec5463adbe4b5e01f52b6fdd3
  FormatterKit: 758bef4552d11454f0eb7e73669f81c225247904
  Kickflip: 702f5b80a0b69e7e43ed314e86aadcdc0f5daceb
  Mantle: d7c5ac734579ec751c58fecbf56189853056c58c
  PureLayout: ddf4fedf7e2f5984f972bbd2205dda4fc3418347
  SDWebImage: 116e88633b5b416ea0ca4b334a4ac59cf72dd38d
  SSKeychain: cc48bd3ad24fcd9125adb9e0d23dd50b8bbd08b9
  SSPullToRefresh: da7acfb8e269acbd040be7f0b091824cda365a17
  UIAlertView-Blocks: f3271e84372beb97aea115cd1fb26ae66457f12f
  VTAcknowledgementsViewController: 5cdab8f3d003680b8fbdfcce90fcab92cee962a6
  YapDatabase: c1d6912df1b4a160f7373ee7657d360e29bb00fd

COCOAPODS: 0.35.0
