PODS:
  - AFNetworking (1.3.3)
  - AFOAuth2Client (0.1.2):
    - AFNetworking (~> 1.3)
  - AWSiOSSDK/Runtime (1.7.1)
  - AWSiOSSDK/S3 (1.7.1):
    - AWSiOSSDK/Runtime
  - CocoaLumberjack (1.8.1):
    - CocoaLumberjack/Extensions
  - CocoaLumberjack/Core (1.8.1)
  - CocoaLumberjack/Extensions (1.8.1):
    - CocoaLumberjack/Core
  - FFmpeg-iOS (2.2):
    - FFmpeg-iOS/precompiled
  - FFmpeg-iOS/precompiled (2.2)
  - FFmpegWrapper (1.0):
    - FFmpeg-iOS (~> 2.2)
  - Kickflip (0.9):
    - AFNetworking (~> 1.3)
    - AFOAuth2Client (~> 0.1)
    - CocoaLumberjack (~> 1.0)
    - FFmpegWrapper (~> 1.0)
    - OWS3Client (~> 1.0)
    - SSKeychain (~> 1.2)
  - OWS3Client (1.0):
    - AWSiOSSDK/S3 (~> 1.7)
  - SSKeychain (1.2.1)

DEPENDENCIES:
  - Kickflip (from `Submodules/kickflip-ios-sdk/Kickflip.podspec`)

EXTERNAL SOURCES:
  Kickflip:
    :path: Submodules/kickflip-ios-sdk/Kickflip.podspec

SPEC CHECKSUMS:
  AFNetworking: 61fdd49e2ffe6380378df37b3b6e70630bb9dd66
  AFOAuth2Client: 579d6f298b0047dfd5a6eec6ab5b28c01f6b4547
  AWSiOSSDK: 53fe33f929710e66f27d9556ae80830d419a103b
  CocoaLumberjack: 020378ec400d658923bf5887178394f65f052c90
  FFmpeg-iOS: 380f2809c4ad1ce5793d9a5f6e59464f3ee94ba9
  FFmpegWrapper: 584afd030f2e299798bd4f9147363415b6b61c5c
  Kickflip: 751006e744a9282b3c7fa1299ff66ceae4af9f14
  OWS3Client: d8d15def89a7faed7343d6a7d1e6f24bdddc92a5
  SSKeychain: d18926838c2e7cd342e2a49e9f869858e49f035a

COCOAPODS: 0.29.0
