PODS:
  - AFNetworking (1.3.4)
  - AFOAuth2Client (0.1.2):
    - AFNetworking (~> 1.3)
  - AWSiOSSDK/Runtime (1.7.1)
  - AWSiOSSDK/S3 (1.7.1):
    - AWSiOSSDK/Runtime
  - CocoaLumberjack (1.8.1):
    - CocoaLumberjack/Extensions
  - CocoaLumberjack/Core (1.8.1)
  - CocoaLumberjack/Extensions (1.8.1):
    - CocoaLumberjack/Core
  - FFmpeg (2.2):
    - FFmpeg/precompiled
  - FFmpeg/precompiled (2.2)
  - FFmpegWrapper (1.0):
    - FFmpeg (~> 2.2)
  - FormatterKit/TimeIntervalFormatter (1.4.3)
  - Kickflip (1.0.0):
    - AFNetworking (~> 1.3)
    - AFOAuth2Client (~> 0.1)
    - CocoaLumberjack (~> 1.0)
    - FFmpegWrapper (~> 1.0)
    - FormatterKit/TimeIntervalFormatter (~> 1.4)
    - Mantle (~> 1.4)
    - OWS3Client (~> 1.0)
    - SDWebImage (~> 3.6)
    - SSKeychain (~> 1.2)
    - UIView+AutoLayout (~> 1.3)
  - Mantle (1.4.1):
    - Mantle/extobjc
  - Mantle/extobjc (1.4.1)
  - OWS3Client (1.0):
    - AWSiOSSDK/S3 (~> 1.7)
  - SDWebImage (3.6):
    - SDWebImage/Core
  - SDWebImage/Core (3.6)
  - SSKeychain (1.2.2)
  - SSPullToRefresh (1.2.0)
  - UIAlertView-Blocks (1.0)
  - UIView+AutoLayout (1.3.0)
  - VTAcknowledgementsViewController (0.10)
  - YapDatabase (2.4.1):
    - CocoaLumberjack (~> 1.6.3)

DEPENDENCIES:
  - Kickflip (~> 1.0.0)
  - SSPullToRefresh (~> 1.2)
  - UIAlertView-Blocks (~> 1.0)
  - VTAcknowledgementsViewController (~> 0.10)
  - YapDatabase (~> 2.4)

SPEC CHECKSUMS:
  AFNetworking: e403d4333a4e1956cb3fe42364c3c879f820c9a0
  AFOAuth2Client: 579d6f298b0047dfd5a6eec6ab5b28c01f6b4547
  AWSiOSSDK: dcf83bfeea698f5c750bb1814a5081d46ffa512f
  CocoaLumberjack: 020378ec400d658923bf5887178394f65f052c90
  FFmpeg: 296428c7b7ca243d1a080f0bde88cbb9ab36617d
  FFmpegWrapper: 04ffe48c03138bd47414fa2e495d32c6031ff6d3
  FormatterKit: 612f56cb00bcda20d8559a2b9a9e6ed9251b9752
  Kickflip: 028be6206d00abccf1a3a726e7472852c7199edd
  Mantle: 0714cdb2b8559d9e6c2410d6a8529e3307bff189
  OWS3Client: d8d15def89a7faed7343d6a7d1e6f24bdddc92a5
  SDWebImage: 7eb273e54ca8a2e506ad9bd5e80c35b2a4d7c95e
  SSKeychain: 3d0b76c87e7b062a7ad1631a825fddec84367d44
  SSPullToRefresh: ecdc6efdee5322bba8b57dc77c1263ef6b4170bf
  UIAlertView-Blocks: f7be28a08e85ec21143951ec6797ca6474faf563
  UIView+AutoLayout: 43373a18797954fd8ee3b1423af364f1b80a2af8
  VTAcknowledgementsViewController: 76b8edcea89b58b7be15876aaa5aba7fa8b221d7
  YapDatabase: 96c3aed68fe5087d596a4b400087b861e43c93d3

COCOAPODS: 0.32.1
